// !$*UTF8*$!
{
	archiveVersion = 1;
	classes = {
	};
	objectVersion = 46;
	objects = {

/* Begin PBXContainerItemProxy section */
		1D2012B916E65B1B006A87B1 /* PBXContainerItemProxy */ = {
			isa = PBXContainerItemProxy;
			containerPortal = 1D20121416E65938006A87B1 /* Libraries.ios.xcodeproj */;
			proxyType = 2;
			remoteGlobalIDString = 1D20121F16E6594D006A87B1;
			remoteInfo = PinyinKit;
		};
		1D2012BB16E65B1B006A87B1 /* PBXContainerItemProxy */ = {
			isa = PBXContainerItemProxy;
			containerPortal = 1D20121416E65938006A87B1 /* Libraries.ios.xcodeproj */;
			proxyType = 2;
			remoteGlobalIDString = 1D20123616E65957006A87B1;
			remoteInfo = Base64Kit;
		};
		1D2012BD16E65B1B006A87B1 /* PBXContainerItemProxy */ = {
			isa = PBXContainerItemProxy;
			containerPortal = 1D20121416E65938006A87B1 /* Libraries.ios.xcodeproj */;
			proxyType = 2;
			remoteGlobalIDString = 1D20124A16E65962006A87B1;
			remoteInfo = KeychainAccess;
		};
		1D2012BF16E65B1B006A87B1 /* PBXContainerItemProxy */ = {
			isa = PBXContainerItemProxy;
			containerPortal = 1D20121416E65938006A87B1 /* Libraries.ios.xcodeproj */;
			proxyType = 2;
			remoteGlobalIDString = 1D20125E16E65971006A87B1;
			remoteInfo = TaskCounter;
		};
		1D2012C216E65B1B006A87B1 /* PBXContainerItemProxy */ = {
			isa = PBXContainerItemProxy;
			containerPortal = 1D20120A16E65924006A87B1 /* WebFusion.ios.xcodeproj */;
			proxyType = 2;
			remoteGlobalIDString = 1D20129216E65AE2006A87B1;
			remoteInfo = WebFusion;
		};
/* End PBXContainerItemProxy section */

/* Begin PBXFileReference section */
		1D2010EB16E65739006A87B1 /* WebFusion.proj.xcodeproj */ = {isa = PBXFileReference; lastKnownFileType = "wrapper.pb-project"; name = WebFusion.proj.xcodeproj; path = WebFusion.proj/WebFusion.proj.xcodeproj; sourceTree = "<group>"; };
		1D20113016E6577E006A87B1 /* FusionKit.proj.xcodeproj */ = {isa = PBXFileReference; lastKnownFileType = "wrapper.pb-project"; name = FusionKit.proj.xcodeproj; path = FusionKit.proj/FusionKit.proj.xcodeproj; sourceTree = "<group>"; };
		1D20116316E657AB006A87B1 /* Libraries.proj.xcodeproj */ = {isa = PBXFileReference; lastKnownFileType = "wrapper.pb-project"; name = Libraries.proj.xcodeproj; path = Libraries.proj/Libraries.proj.xcodeproj; sourceTree = "<group>"; };
		1D20120016E65917006A87B1 /* FusionKit.ios.xcodeproj */ = {isa = PBXFileReference; lastKnownFileType = "wrapper.pb-project"; name = FusionKit.ios.xcodeproj; path = FusionKit.ios/FusionKit.ios.xcodeproj; sourceTree = "<group>"; };
		1D20120A16E65924006A87B1 /* WebFusion.ios.xcodeproj */ = {isa = PBXFileReference; lastKnownFileType = "wrapper.pb-project"; name = WebFusion.ios.xcodeproj; path = WebFusion.ios/WebFusion.ios.xcodeproj; sourceTree = "<group>"; };
		1D20121416E65938006A87B1 /* Libraries.ios.xcodeproj */ = {isa = PBXFileReference; lastKnownFileType = "wrapper.pb-project"; name = Libraries.ios.xcodeproj; path = Libraries.ios/Libraries.ios.xcodeproj; sourceTree = "<group>"; };
		1D7CD14116E52AF500F5F3AF /* COPYRIGHT.md */ = {isa = PBXFileReference; lastKnownFileType = text; path = COPYRIGHT.md; sourceTree = "<group>"; };
		1D7CD17716E53FA300F5F3AF /* README.md */ = {isa = PBXFileReference; fileEncoding = 4; lastKnownFileType = text; path = README.md; sourceTree = "<group>"; };
/* End PBXFileReference section */

/* Begin PBXGroup section */
		1D2010EC16E65739006A87B1 /* Products */ = {
			isa = PBXGroup;
			children = (
			);
			name = Products;
			sourceTree = "<group>";
		};
		1D20113116E6577E006A87B1 /* Products */ = {
			isa = PBXGroup;
			children = (
			);
			name = Products;
			sourceTree = "<group>";
		};
		1D20116416E657AB006A87B1 /* Products */ = {
			isa = PBXGroup;
			children = (
			);
			name = Products;
			sourceTree = "<group>";
		};
		1D20120116E65917006A87B1 /* Products */ = {
			isa = PBXGroup;
			children = (
			);
			name = Products;
			sourceTree = "<group>";
		};
		1D20120B16E65924006A87B1 /* Products */ = {
			isa = PBXGroup;
			children = (
				1D2012C316E65B1B006A87B1 /* WebFusion.app */,
			);
			name = Products;
			sourceTree = "<group>";
		};
		1D20121516E65938006A87B1 /* Products */ = {
			isa = PBXGroup;
			children = (
				1D2012BA16E65B1B006A87B1 /* PinyinKit.framework */,
				1D2012BC16E65B1B006A87B1 /* Base64Kit.framework */,
				1D2012BE16E65B1B006A87B1 /* KeychainAccess.framework */,
				1D2012C016E65B1B006A87B1 /* TaskCounter.framework */,
			);
			name = Products;
			sourceTree = "<group>";
		};
		1D85891516D7C5820056DB48 = {
			isa = PBXGroup;
			children = (
				1D7CD14116E52AF500F5F3AF /* COPYRIGHT.md */,
				1D7CD17716E53FA300F5F3AF /* README.md */,
				1D20121416E65938006A87B1 /* Libraries.ios.xcodeproj */,
				1D20120A16E65924006A87B1 /* WebFusion.ios.xcodeproj */,
				1D20120016E65917006A87B1 /* FusionKit.ios.xcodeproj */,
				1D20116316E657AB006A87B1 /* Libraries.proj.xcodeproj */,
				1D20113016E6577E006A87B1 /* FusionKit.proj.xcodeproj */,
				1D2010EB16E65739006A87B1 /* WebFusion.proj.xcodeproj */,
			);
			sourceTree = "<group>";
		};
/* End PBXGroup section */

/* Begin PBXProject section */
		1D85891616D7C5820056DB48 /* Project object */ = {
			isa = PBXProject;
			attributes = {
				LastUpgradeCheck = 0460;
			};
			buildConfigurationList = 1D85891916D7C5820056DB48 /* Build configuration list for PBXProject "FusionKit.C" */;
			compatibilityVersion = "Xcode 3.2";
			developmentRegion = English;
			hasScannedForEncodings = 0;
			knownRegions = (
				en,
			);
			mainGroup = 1D85891516D7C5820056DB48;
			productRefGroup = 1D85891516D7C5820056DB48;
			projectDirPath = "";
			projectReferences = (
				{
					ProductGroup = 1D20120116E65917006A87B1 /* Products */;
					ProjectRef = 1D20120016E65917006A87B1 /* FusionKit.ios.xcodeproj */;
				},
				{
					ProductGroup = 1D20113116E6577E006A87B1 /* Products */;
					ProjectRef = 1D20113016E6577E006A87B1 /* FusionKit.proj.xcodeproj */;
				},
				{
					ProductGroup = 1D20121516E65938006A87B1 /* Products */;
					ProjectRef = 1D20121416E65938006A87B1 /* Libraries.ios.xcodeproj */;
				},
				{
					ProductGroup = 1D20116416E657AB006A87B1 /* Products */;
					ProjectRef = 1D20116316E657AB006A87B1 /* Libraries.proj.xcodeproj */;
				},
				{
					ProductGroup = 1D20120B16E65924006A87B1 /* Products */;
					ProjectRef = 1D20120A16E65924006A87B1 /* WebFusion.ios.xcodeproj */;
				},
				{
					ProductGroup = 1D2010EC16E65739006A87B1 /* Products */;
					ProjectRef = 1D2010EB16E65739006A87B1 /* WebFusion.proj.xcodeproj */;
				},
			);
			projectRoot = "";
			targets = (
			);
		};
/* End PBXProject section */

/* Begin PBXReferenceProxy section */
		1D2012BA16E65B1B006A87B1 /* PinyinKit.framework */ = {
			isa = PBXReferenceProxy;
			fileType = wrapper.framework.static;
			path = PinyinKit.framework;
			remoteRef = 1D2012B916E65B1B006A87B1 /* PBXContainerItemProxy */;
			sourceTree = BUILT_PRODUCTS_DIR;
		};
		1D2012BC16E65B1B006A87B1 /* Base64Kit.framework */ = {
			isa = PBXReferenceProxy;
			fileType = wrapper.framework.static;
			path = Base64Kit.framework;
			remoteRef = 1D2012BB16E65B1B006A87B1 /* PBXContainerItemProxy */;
			sourceTree = BUILT_PRODUCTS_DIR;
		};
		1D2012BE16E65B1B006A87B1 /* KeychainAccess.framework */ = {
			isa = PBXReferenceProxy;
			fileType = wrapper.framework.static;
			path = KeychainAccess.framework;
			remoteRef = 1D2012BD16E65B1B006A87B1 /* PBXContainerItemProxy */;
			sourceTree = BUILT_PRODUCTS_DIR;
		};
		1D2012C016E65B1B006A87B1 /* TaskCounter.framework */ = {
			isa = PBXReferenceProxy;
			fileType = wrapper.framework.static;
			path = TaskCounter.framework;
			remoteRef = 1D2012BF16E65B1B006A87B1 /* PBXContainerItemProxy */;
			sourceTree = BUILT_PRODUCTS_DIR;
		};
		1D2012C316E65B1B006A87B1 /* WebFusion.app */ = {
			isa = PBXReferenceProxy;
			fileType = wrapper.application;
			path = WebFusion.app;
			remoteRef = 1D2012C216E65B1B006A87B1 /* PBXContainerItemProxy */;
			sourceTree = BUILT_PRODUCTS_DIR;
		};
/* End PBXReferenceProxy section */

/* Begin XCBuildConfiguration section */
		1D85891A16D7C5820056DB48 /* Debug */ = {
			isa = XCBuildConfiguration;
			buildSettings = {
				IPHONEOS_DEPLOYMENT_TARGET = 6.0;
				MACOSX_DEPLOYMENT_TARGET = 10.8;
			};
			name = Debug;
		};
		1D85891B16D7C5820056DB48 /* Release */ = {
			isa = XCBuildConfiguration;
			buildSettings = {
				IPHONEOS_DEPLOYMENT_TARGET = 6.0;
				MACOSX_DEPLOYMENT_TARGET = 10.8;
			};
			name = Release;
		};
/* End XCBuildConfiguration section */

/* Begin XCConfigurationList section */
		1D85891916D7C5820056DB48 /* Build configuration list for PBXProject "FusionKit.C" */ = {
			isa = XCConfigurationList;
			buildConfigurations = (
				1D85891A16D7C5820056DB48 /* Debug */,
				1D85891B16D7C5820056DB48 /* Release */,
			);
			defaultConfigurationIsVisible = 0;
			defaultConfigurationName = Release;
		};
/* End XCConfigurationList section */
	};
	rootObject = 1D85891616D7C5820056DB48 /* Project object */;
}
