// !$*UTF8*$!
{
	archiveVersion = 1;
	classes = {
	};
	objectVersion = 46;
	objects = {

/* Begin PBXFileReference section */
		1D2010EB16E65739006A87B1 /* WebFusion.xcodeproj */ = {isa = PBXFileReference; lastKnownFileType = "wrapper.pb-project"; name = WebFusion.xcodeproj; path = WebFusion.proj/WebFusion.xcodeproj; sourceTree = "<group>"; };
		1D20113016E6577E006A87B1 /* FusionKit.xcodeproj */ = {isa = PBXFileReference; lastKnownFileType = "wrapper.pb-project"; name = FusionKit.xcodeproj; path = FusionKit.proj/FusionKit.xcodeproj; sourceTree = "<group>"; };
		1D20116316E657AB006A87B1 /* Libraries.xcodeproj */ = {isa = PBXFileReference; lastKnownFileType = "wrapper.pb-project"; name = Libraries.xcodeproj; path = Libraries.proj/Libraries.xcodeproj; sourceTree = "<group>"; };
		1D20120016E65917006A87B1 /* iFusionKit.xcodeproj */ = {isa = PBXFileReference; lastKnownFileType = "wrapper.pb-project"; name = iFusionKit.xcodeproj; path = FusionKit.ios/iFusionKit.xcodeproj; sourceTree = "<group>"; };
		1D20120A16E65924006A87B1 /* iWebFusion.xcodeproj */ = {isa = PBXFileReference; lastKnownFileType = "wrapper.pb-project"; name = iWebFusion.xcodeproj; path = WebFusion.ios/iWebFusion.xcodeproj; sourceTree = "<group>"; };
		1D20121416E65938006A87B1 /* iLibraries.xcodeproj */ = {isa = PBXFileReference; lastKnownFileType = "wrapper.pb-project"; name = iLibraries.xcodeproj; path = Libraries.ios/iLibraries.xcodeproj; sourceTree = "<group>"; };
		1D7CD14116E52AF500F5F3AF /* COPYRIGHT.md */ = {isa = PBXFileReference; lastKnownFileType = text; path = COPYRIGHT.md; sourceTree = "<group>"; };
		1D7CD17716E53FA300F5F3AF /* README.md */ = {isa = PBXFileReference; fileEncoding = 4; lastKnownFileType = text; path = README.md; sourceTree = "<group>"; };
/* End PBXFileReference section */

/* Begin PBXGroup section */
		1D85891516D7C5820056DB48 = {
			isa = PBXGroup;
			children = (
				1D7CD14116E52AF500F5F3AF /* COPYRIGHT.md */,
				1D7CD17716E53FA300F5F3AF /* README.md */,
				1D20121416E65938006A87B1 /* iLibraries.xcodeproj */,
				1D20120A16E65924006A87B1 /* iWebFusion.xcodeproj */,
				1D20120016E65917006A87B1 /* iFusionKit.xcodeproj */,
				1D20116316E657AB006A87B1 /* Libraries.xcodeproj */,
				1D20113016E6577E006A87B1 /* FusionKit.xcodeproj */,
				1D2010EB16E65739006A87B1 /* WebFusion.xcodeproj */,
			);
			sourceTree = "<group>";
		};
/* End PBXGroup section */

/* Begin PBXProject section */
		1D85891616D7C5820056DB48 /* Project object */ = {
			isa = PBXProject;
			attributes = {
				LastUpgradeCheck = 0460;
			};
			buildConfigurationList = 1D85891916D7C5820056DB48 /* Build configuration list for PBXProject "FusionKit.C" */;
			compatibilityVersion = "Xcode 3.2";
			developmentRegion = English;
			hasScannedForEncodings = 0;
			knownRegions = (
				en,
			);
			mainGroup = 1D85891516D7C5820056DB48;
			productRefGroup = 1D85891516D7C5820056DB48;
			projectDirPath = "";
			projectRoot = "";
			targets = (
			);
		};
/* End PBXProject section */

/* Begin XCBuildConfiguration section */
		1D85891A16D7C5820056DB48 /* Debug */ = {
			isa = XCBuildConfiguration;
			buildSettings = {
				IPHONEOS_DEPLOYMENT_TARGET = 6.0;
				MACOSX_DEPLOYMENT_TARGET = 10.8;
			};
			name = Debug;
		};
		1D85891B16D7C5820056DB48 /* Release */ = {
			isa = XCBuildConfiguration;
			buildSettings = {
				IPHONEOS_DEPLOYMENT_TARGET = 6.0;
				MACOSX_DEPLOYMENT_TARGET = 10.8;
			};
			name = Release;
		};
/* End XCBuildConfiguration section */

/* Begin XCConfigurationList section */
		1D85891916D7C5820056DB48 /* Build configuration list for PBXProject "FusionKit.C" */ = {
			isa = XCConfigurationList;
			buildConfigurations = (
				1D85891A16D7C5820056DB48 /* Debug */,
				1D85891B16D7C5820056DB48 /* Release */,
			);
			defaultConfigurationIsVisible = 0;
			defaultConfigurationName = Release;
		};
/* End XCConfigurationList section */
	};
	rootObject = 1D85891616D7C5820056DB48 /* Project object */;
}
